github.com/chmduquesne/rollinghash v4.0.0+incompatible h1:hnREQO+DXjqIw3rUTzWN7/+Dpw+N5Um8zpKV0JOEgbo=
github.com/chmduquesne/rollinghash v4.0.0+incompatible/go.mod h1:Uc2I36RRfTAf7Dge82bi3RU0OQUmXT9iweIcPqvr8A0=
github.com/coreos/etcd v3.3.27+incompatible h1:QIudLb9KeBsE5zyYxd1mjzRSkzLg9Wf9QlRwFgd6oTA=
github.com/coreos/etcd v3.3.27+incompatible/go.mod h1:uF7uidLiAD3TWHmW31ZFd/JWoc32PjwdhPthX9715RE=
github.com/coreos/go-systemd v0.0.0-20191104093116-d3cd4ed1dbcf h1:iW4rZ826su+pqaw19uhpSCzhj44qo35pNgKFGqzDKkU=
github.com/coreos/go-systemd v0.0.0-20191104093116-d3cd4ed1dbcf/go.mod h1:F5haX7vjVVG0kc13fIWeqUViNPyEJxv/OmvnBo0Yme4=
github.com/coreos/pkg v0.0.0-20220810130054-c7d1c02cb6cf h1:GOPo6vn/vTN+3IwZBvXX0y5doJfSC7My0cdzelyOCsQ=
github.com/coreos/pkg v0.0.0-20220810130054-c7d1c02cb6cf/go.mod h1:E3G3o1h8I7cfcXa63jLwjI0eiQQMgzzUDFVpN/nH/eA=
github.com/hsheth2/gonet v0.0.0-20190906023633-d2f77ea0135b h1:Tk+bPWWT8jDdId08tO/5VFvl2pgaS4kNlsiY38ZO3r4=
github.com/hsheth2/gonet v0.0.0-20190906023633-d2f77ea0135b/go.mod h1:QQex1avyGiGvMLz/ZKG4/LLG89xz/ibAEpUbSVUPZZY=
github.com/hsheth2/logs v0.0.0-20150816144035-89bc3640a48f h1:JyS2j5J2AZGUW4sHBcupHbE7bkx3sEqkTvWzmK4Di9I=
github.com/hsheth2/logs v0.0.0-20150816144035-89bc3640a48f/go.mod h1:C/fwk9kDmmHjnvchhKPm6uXi6VtSWHpiDXZoSyOF1rQ=
github.com/hsheth2/notifiers v0.0.0-20150909004823-b771b42a7818 h1:CQIjtTMq2yt62sDwyZ+2E2XfBWbiH2FSbe18YEeOoxU=
github.com/hsheth2/notifiers v0.0.0-20150909004823-b771b42a7818/go.mod h1:bujZs0ogz7Xakss0NWrwFznpJhCqfebAH/oYEIt/POk=
github.com/hsheth2/water v0.0.0-20160313033644-4d72215379c0 h1:zTwDRBhkBpIbtWLgRsvSsQ6E4/5NAyA7yYNd1FCat9I=
github.com/hsheth2/water v0.0.0-20160313033644-4d72215379c0/go.mod h1:8hYR71aN90JqCijl0u8QVgYDt2CrcOH2SEmz7jvG4ZI=
github.com/inercia/kernctl v0.0.0-20141005171048-0a10173a2851 h1:D/jcz00yiriiNqZRzdMsvfJvY6zPeBOohqaFxK+VZoU=
github.com/inercia/kernctl v0.0.0-20141005171048-0a10173a2851/go.mod h1:5s3QbAQ0y7HC5Zowlqd6Do8Frc0VAY5Ma1AE7jdNi6U=
github.com/klauspost/compress v1.15.13 h1:NFn1Wr8cfnenSJSA46lLq4wHCcBzKTSjnBIexDMMOV0=
github.com/klauspost/compress v1.15.13/go.mod h1:QPwzmACJjUTFsnSHH934V6woptycfrDDJnH7hvFVbGM=
golang.org/x/net v0.5.0 h1:GyT4nK/YDHSqa1c4753ouYCDajOYKTja9Xb/OHtgvSw=
golang.org/x/net v0.5.0/go.mod h1:DivGGAXEgPSlEBzxGzZI+ZLohi+xUj054jfeKui00ws=
golang.org/x/sys v0.4.0 h1:Zr2JFtRQNX3BCZ8YtxRE9hNJYC8J6I1MVbMg6owUp18=
golang.org/x/sys v0.4.0/go.mod h1:oPkhp1MJrh7nUepCBck5+mAzfO9JrbApNNgaTdGDITg=
